// !$*UTF8*$!
{
	archiveVersion = 1;
	classes = {
	};
	objectVersion = 50;
	objects = {

/* Begin PBXBuildFile section */
		5F18D2DD22712E1E009E6BED /* AnotherMainPageViewController.swift in Sources */ = {isa = PBXBuildFile; fileRef = 5F18D2DC22712E1D009E6BED /* AnotherMainPageViewController.swift */; };
		5F18D2DF227144C9009E6BED /* DividerTableViewCell.swift in Sources */ = {isa = PBXBuildFile; fileRef = 5F18D2DE227144C9009E6BED /* DividerTableViewCell.swift */; };
		5F18D2E122722275009E6BED /* MatchCentreViewController.swift in Sources */ = {isa = PBXBuildFile; fileRef = 5F18D2E022722275009E6BED /* MatchCentreViewController.swift */; };
		5F18D2E322722405009E6BED /* MatchBodyViewController.swift in Sources */ = {isa = PBXBuildFile; fileRef = 5F18D2E222722405009E6BED /* MatchBodyViewController.swift */; };
		5F2A43FF2272FECE00ED1AD5 /* AttributedStringMagic.swift in Sources */ = {isa = PBXBuildFile; fileRef = 5F2A43FE2272FECE00ED1AD5 /* AttributedStringMagic.swift */; };
		5F2A44012273068F00ED1AD5 /* VideoNewsBodyViewController.swift in Sources */ = {isa = PBXBuildFile; fileRef = 5F2A44002273068F00ED1AD5 /* VideoNewsBodyViewController.swift */; };
		5F2A44032273696F00ED1AD5 /* todo.storyboard in Resources */ = {isa = PBXBuildFile; fileRef = 5F2A44022273696F00ED1AD5 /* todo.storyboard */; };
		5F510A01372A9988C309B632 /* Pods_SportArena.framework in Frameworks */ = {isa = PBXBuildFile; fileRef = D65C6ECD814B99BED8DC16B3 /* Pods_SportArena.framework */; };
		9524FEB82134585400042543 /* TimeEditor.swift in Sources */ = {isa = PBXBuildFile; fileRef = 9524FEB72134585400042543 /* TimeEditor.swift */; };
		9557923D211B5015003CA688 /* AppDelegate.swift in Sources */ = {isa = PBXBuildFile; fileRef = 9557923C211B5015003CA688 /* AppDelegate.swift */; };
		9557923F211B5015003CA688 /* MainPageViewController.swift in Sources */ = {isa = PBXBuildFile; fileRef = 9557923E211B5015003CA688 /* MainPageViewController.swift */; };
		95579241211B5015003CA688 /* AllNewsViewController.swift in Sources */ = {isa = PBXBuildFile; fileRef = 95579240211B5015003CA688 /* AllNewsViewController.swift */; };
		95579244211B5015003CA688 /* Main.storyboard in Resources */ = {isa = PBXBuildFile; fileRef = 95579242211B5015003CA688 /* Main.storyboard */; };
		95579246211B5018003CA688 /* Assets.xcassets in Resources */ = {isa = PBXBuildFile; fileRef = 95579245211B5018003CA688 /* Assets.xcassets */; };
		95579249211B5018003CA688 /* LaunchScreen.storyboard in Resources */ = {isa = PBXBuildFile; fileRef = 95579247211B5018003CA688 /* LaunchScreen.storyboard */; };
		9566FFFD212C7FBB003B3F83 /* MainNewsFeed.swift in Sources */ = {isa = PBXBuildFile; fileRef = 9566FFFC212C7FBB003B3F83 /* MainNewsFeed.swift */; };
		9566FFFF212C9938003B3F83 /* MainNewsCell.swift in Sources */ = {isa = PBXBuildFile; fileRef = 9566FFFE212C9938003B3F83 /* MainNewsCell.swift */; };
		9570CF592129CA9C00B778F2 /* NewsBodyViewController.swift in Sources */ = {isa = PBXBuildFile; fileRef = 9570CF582129CA9C00B778F2 /* NewsBodyViewController.swift */; };
		958B815C213C051600AF0DD9 /* Html.swift in Sources */ = {isa = PBXBuildFile; fileRef = 958B815B213C051600AF0DD9 /* Html.swift */; };
		959DEE81211C3BA500330682 /* NewsFeedCell.swift in Sources */ = {isa = PBXBuildFile; fileRef = 959DEE80211C3BA500330682 /* NewsFeedCell.swift */; };
		959DEE83211C44F300330682 /* NewsFeed.swift in Sources */ = {isa = PBXBuildFile; fileRef = 959DEE82211C44F300330682 /* NewsFeed.swift */; };
		959DEE85211D678600330682 /* TopNewsCell.swift in Sources */ = {isa = PBXBuildFile; fileRef = 959DEE84211D678600330682 /* TopNewsCell.swift */; };
		959DEE87211D6A0800330682 /* TopNews.swift in Sources */ = {isa = PBXBuildFile; fileRef = 959DEE86211D6A0800330682 /* TopNews.swift */; };
		95AB0BDA211B64C2008956A0 /* VideosViewController.swift in Sources */ = {isa = PBXBuildFile; fileRef = 95AB0BD9211B64C2008956A0 /* VideosViewController.swift */; };
		95BA79D421380EC4001084DC /* VideoNewsCell.swift in Sources */ = {isa = PBXBuildFile; fileRef = 95BA79D321380EC4001084DC /* VideoNewsCell.swift */; };
		95BA79D6213812B9001084DC /* VideoNews.swift in Sources */ = {isa = PBXBuildFile; fileRef = 95BA79D5213812B9001084DC /* VideoNews.swift */; };
		95BA79D821382516001084DC /* ImageDisplay.swift in Sources */ = {isa = PBXBuildFile; fileRef = 95BA79D721382516001084DC /* ImageDisplay.swift */; };
		95C569FB217291EA00F40B77 /* GoogleService-Info.plist in Resources */ = {isa = PBXBuildFile; fileRef = 95C569FA217291EA00F40B77 /* GoogleService-Info.plist */; };
/* End PBXBuildFile section */

/* Begin PBXFileReference section */
		0EC7879E9D51CC0BDA834937 /* Pods-SportArenaTests.debug.xcconfig */ = {isa = PBXFileReference; includeInIndex = 1; lastKnownFileType = text.xcconfig; name = "Pods-SportArenaTests.debug.xcconfig"; path = "Pods/Target Support Files/Pods-SportArenaTests/Pods-SportArenaTests.debug.xcconfig"; sourceTree = "<group>"; };
		162858FBBEF043A8887324AD /* Pods_SportArenaTests.framework */ = {isa = PBXFileReference; explicitFileType = wrapper.framework; includeInIndex = 0; path = Pods_SportArenaTests.framework; sourceTree = BUILT_PRODUCTS_DIR; };
		3718F4F3328F519919ECB0C2 /* Pods-SportArena.release.xcconfig */ = {isa = PBXFileReference; includeInIndex = 1; lastKnownFileType = text.xcconfig; name = "Pods-SportArena.release.xcconfig"; path = "Pods/Target Support Files/Pods-SportArena/Pods-SportArena.release.xcconfig"; sourceTree = "<group>"; };
		5F18D2DC22712E1D009E6BED /* AnotherMainPageViewController.swift */ = {isa = PBXFileReference; lastKnownFileType = sourcecode.swift; path = AnotherMainPageViewController.swift; sourceTree = "<group>"; };
		5F18D2DE227144C9009E6BED /* DividerTableViewCell.swift */ = {isa = PBXFileReference; lastKnownFileType = sourcecode.swift; path = DividerTableViewCell.swift; sourceTree = "<group>"; };
		5F18D2E022722275009E6BED /* MatchCentreViewController.swift */ = {isa = PBXFileReference; lastKnownFileType = sourcecode.swift; path = MatchCentreViewController.swift; sourceTree = "<group>"; };
		5F18D2E222722405009E6BED /* MatchBodyViewController.swift */ = {isa = PBXFileReference; lastKnownFileType = sourcecode.swift; path = MatchBodyViewController.swift; sourceTree = "<group>"; };
		5F2A43FE2272FECE00ED1AD5 /* AttributedStringMagic.swift */ = {isa = PBXFileReference; lastKnownFileType = sourcecode.swift; path = AttributedStringMagic.swift; sourceTree = "<group>"; };
		5F2A44002273068F00ED1AD5 /* VideoNewsBodyViewController.swift */ = {isa = PBXFileReference; lastKnownFileType = sourcecode.swift; path = VideoNewsBodyViewController.swift; sourceTree = "<group>"; };
		5F2A44022273696F00ED1AD5 /* todo.storyboard */ = {isa = PBXFileReference; lastKnownFileType = file.storyboard; path = todo.storyboard; sourceTree = "<group>"; };
		887E26B2258C7673B96C2E15 /* Pods_SportArenaUITests.framework */ = {isa = PBXFileReference; explicitFileType = wrapper.framework; includeInIndex = 0; path = Pods_SportArenaUITests.framework; sourceTree = BUILT_PRODUCTS_DIR; };
		8CD817C78DD945AF58330C8A /* Pods-SportArenaUITests.debug.xcconfig */ = {isa = PBXFileReference; includeInIndex = 1; lastKnownFileType = text.xcconfig; name = "Pods-SportArenaUITests.debug.xcconfig"; path = "Pods/Target Support Files/Pods-SportArenaUITests/Pods-SportArenaUITests.debug.xcconfig"; sourceTree = "<group>"; };
		9524FEB72134585400042543 /* TimeEditor.swift */ = {isa = PBXFileReference; lastKnownFileType = sourcecode.swift; path = TimeEditor.swift; sourceTree = "<group>"; };
		95579239211B5015003CA688 /* SportArena.app */ = {isa = PBXFileReference; explicitFileType = wrapper.application; includeInIndex = 0; path = SportArena.app; sourceTree = BUILT_PRODUCTS_DIR; };
		9557923C211B5015003CA688 /* AppDelegate.swift */ = {isa = PBXFileReference; lastKnownFileType = sourcecode.swift; path = AppDelegate.swift; sourceTree = "<group>"; };
		9557923E211B5015003CA688 /* MainPageViewController.swift */ = {isa = PBXFileReference; lastKnownFileType = sourcecode.swift; path = MainPageViewController.swift; sourceTree = "<group>"; };
		95579240211B5015003CA688 /* AllNewsViewController.swift */ = {isa = PBXFileReference; lastKnownFileType = sourcecode.swift; path = AllNewsViewController.swift; sourceTree = "<group>"; };
		95579243211B5015003CA688 /* Base */ = {isa = PBXFileReference; lastKnownFileType = file.storyboard; name = Base; path = Base.lproj/Main.storyboard; sourceTree = "<group>"; };
		95579245211B5018003CA688 /* Assets.xcassets */ = {isa = PBXFileReference; lastKnownFileType = folder.assetcatalog; path = Assets.xcassets; sourceTree = "<group>"; };
		95579248211B5018003CA688 /* Base */ = {isa = PBXFileReference; lastKnownFileType = file.storyboard; name = Base; path = Base.lproj/LaunchScreen.storyboard; sourceTree = "<group>"; };
		9557924A211B5018003CA688 /* Info.plist */ = {isa = PBXFileReference; lastKnownFileType = text.plist.xml; path = Info.plist; sourceTree = "<group>"; };
		9566FFFC212C7FBB003B3F83 /* MainNewsFeed.swift */ = {isa = PBXFileReference; lastKnownFileType = sourcecode.swift; path = MainNewsFeed.swift; sourceTree = "<group>"; };
		9566FFFE212C9938003B3F83 /* MainNewsCell.swift */ = {isa = PBXFileReference; lastKnownFileType = sourcecode.swift; path = MainNewsCell.swift; sourceTree = "<group>"; };
		9570CF582129CA9C00B778F2 /* NewsBodyViewController.swift */ = {isa = PBXFileReference; lastKnownFileType = sourcecode.swift; path = NewsBodyViewController.swift; sourceTree = "<group>"; };
		958B815B213C051600AF0DD9 /* Html.swift */ = {isa = PBXFileReference; lastKnownFileType = sourcecode.swift; path = Html.swift; sourceTree = "<group>"; };
		959DEE80211C3BA500330682 /* NewsFeedCell.swift */ = {isa = PBXFileReference; lastKnownFileType = sourcecode.swift; path = NewsFeedCell.swift; sourceTree = "<group>"; };
		959DEE82211C44F300330682 /* NewsFeed.swift */ = {isa = PBXFileReference; lastKnownFileType = sourcecode.swift; path = NewsFeed.swift; sourceTree = "<group>"; };
		959DEE84211D678600330682 /* TopNewsCell.swift */ = {isa = PBXFileReference; lastKnownFileType = sourcecode.swift; path = TopNewsCell.swift; sourceTree = "<group>"; };
		959DEE86211D6A0800330682 /* TopNews.swift */ = {isa = PBXFileReference; lastKnownFileType = sourcecode.swift; path = TopNews.swift; sourceTree = "<group>"; };
		95AB0BD9211B64C2008956A0 /* VideosViewController.swift */ = {isa = PBXFileReference; lastKnownFileType = sourcecode.swift; path = VideosViewController.swift; sourceTree = "<group>"; };
		95BA79D321380EC4001084DC /* VideoNewsCell.swift */ = {isa = PBXFileReference; lastKnownFileType = sourcecode.swift; path = VideoNewsCell.swift; sourceTree = "<group>"; };
		95BA79D5213812B9001084DC /* VideoNews.swift */ = {isa = PBXFileReference; lastKnownFileType = sourcecode.swift; path = VideoNews.swift; sourceTree = "<group>"; };
		95BA79D721382516001084DC /* ImageDisplay.swift */ = {isa = PBXFileReference; lastKnownFileType = sourcecode.swift; path = ImageDisplay.swift; sourceTree = "<group>"; };
		95C569FA217291EA00F40B77 /* GoogleService-Info.plist */ = {isa = PBXFileReference; fileEncoding = 4; lastKnownFileType = text.plist.xml; path = "GoogleService-Info.plist"; sourceTree = "<group>"; };
		9D9F900F82BB612C58A8B4CE /* Pods-SportArenaTests.release.xcconfig */ = {isa = PBXFileReference; includeInIndex = 1; lastKnownFileType = text.xcconfig; name = "Pods-SportArenaTests.release.xcconfig"; path = "Pods/Target Support Files/Pods-SportArenaTests/Pods-SportArenaTests.release.xcconfig"; sourceTree = "<group>"; };
		D65C6ECD814B99BED8DC16B3 /* Pods_SportArena.framework */ = {isa = PBXFileReference; explicitFileType = wrapper.framework; includeInIndex = 0; path = Pods_SportArena.framework; sourceTree = BUILT_PRODUCTS_DIR; };
		E87CFE8367C1F8480F8AA4AC /* Pods-SportArena.debug.xcconfig */ = {isa = PBXFileReference; includeInIndex = 1; lastKnownFileType = text.xcconfig; name = "Pods-SportArena.debug.xcconfig"; path = "Pods/Target Support Files/Pods-SportArena/Pods-SportArena.debug.xcconfig"; sourceTree = "<group>"; };
		FDCE1F07B0D8306BE78AC2AC /* Pods-SportArenaUITests.release.xcconfig */ = {isa = PBXFileReference; includeInIndex = 1; lastKnownFileType = text.xcconfig; name = "Pods-SportArenaUITests.release.xcconfig"; path = "Pods/Target Support Files/Pods-SportArenaUITests/Pods-SportArenaUITests.release.xcconfig"; sourceTree = "<group>"; };
/* End PBXFileReference section */

/* Begin PBXFrameworksBuildPhase section */
		95579236211B5015003CA688 /* Frameworks */ = {
			isa = PBXFrameworksBuildPhase;
			buildActionMask = 2147483647;
			files = (
				5F510A01372A9988C309B632 /* Pods_SportArena.framework in Frameworks */,
			);
			runOnlyForDeploymentPostprocessing = 0;
		};
/* End PBXFrameworksBuildPhase section */

/* Begin PBXGroup section */
		5F01A8FE226A23BF0095FDDB /* VC */ = {
			isa = PBXGroup;
			children = (
				9570CF582129CA9C00B778F2 /* NewsBodyViewController.swift */,
				5F2A44002273068F00ED1AD5 /* VideoNewsBodyViewController.swift */,
				5F18D2E222722405009E6BED /* MatchBodyViewController.swift */,
				5F18D2E022722275009E6BED /* MatchCentreViewController.swift */,
				9557923E211B5015003CA688 /* MainPageViewController.swift */,
				5F18D2DC22712E1D009E6BED /* AnotherMainPageViewController.swift */,
				95579240211B5015003CA688 /* AllNewsViewController.swift */,
				95AB0BD9211B64C2008956A0 /* VideosViewController.swift */,
				5F2A440422736BE500ED1AD5 /* Cells */,
			);
			name = VC;
			path = ..;
			sourceTree = "<group>";
		};
		5F01A8FF226A23DA0095FDDB /* Models */ = {
			isa = PBXGroup;
			children = (
				959DEE82211C44F300330682 /* NewsFeed.swift */,
				959DEE86211D6A0800330682 /* TopNews.swift */,
				9566FFFC212C7FBB003B3F83 /* MainNewsFeed.swift */,
				95BA79D5213812B9001084DC /* VideoNews.swift */,
			);
			name = Models;
			path = ..;
			sourceTree = "<group>";
		};
		5F01A900226A243C0095FDDB /* Storyboards */ = {
			isa = PBXGroup;
			children = (
				95579247211B5018003CA688 /* LaunchScreen.storyboard */,
				95579242211B5015003CA688 /* Main.storyboard */,
				5F2A44022273696F00ED1AD5 /* todo.storyboard */,
			);
			name = Storyboards;
			path = ..;
			sourceTree = "<group>";
		};
		5F2A43FD2272FEAF00ED1AD5 /* Storyboard Support */ = {
			isa = PBXGroup;
			children = (
				958B815B213C051600AF0DD9 /* Html.swift */,
				95BA79D721382516001084DC /* ImageDisplay.swift */,
				9524FEB72134585400042543 /* TimeEditor.swift */,
				5F2A43FE2272FECE00ED1AD5 /* AttributedStringMagic.swift */,
			);
			path = "Storyboard Support";
			sourceTree = "<group>";
		};
		5F2A440422736BE500ED1AD5 /* Cells */ = {
			isa = PBXGroup;
			children = (
				5F18D2DE227144C9009E6BED /* DividerTableViewCell.swift */,
				959DEE84211D678600330682 /* TopNewsCell.swift */,
				9566FFFE212C9938003B3F83 /* MainNewsCell.swift */,
				959DEE80211C3BA500330682 /* NewsFeedCell.swift */,
				95BA79D321380EC4001084DC /* VideoNewsCell.swift */,
			);
			path = Cells;
			sourceTree = "<group>";
		};
		95579230211B5015003CA688 = {
			isa = PBXGroup;
			children = (
				9557923B211B5015003CA688 /* SportArena */,
				9557923A211B5015003CA688 /* Products */,
				DEA8AC57A22BFCD5C303DD6C /* Pods */,
				BFD4F9179C86DB1ABB22A2DB /* Frameworks */,
			);
			sourceTree = "<group>";
		};
		9557923A211B5015003CA688 /* Products */ = {
			isa = PBXGroup;
			children = (
				95579239211B5015003CA688 /* SportArena.app */,
			);
			name = Products;
			sourceTree = "<group>";
		};
		9557923B211B5015003CA688 /* SportArena */ = {
			isa = PBXGroup;
			children = (
				5F2A43FD2272FEAF00ED1AD5 /* Storyboard Support */,
				5F01A900226A243C0095FDDB /* Storyboards */,
				5F01A8FF226A23DA0095FDDB /* Models */,
				5F01A8FE226A23BF0095FDDB /* VC */,
				9557924A211B5018003CA688 /* Info.plist */,
				95579245211B5018003CA688 /* Assets.xcassets */,
				9557923C211B5015003CA688 /* AppDelegate.swift */,
				95C569FA217291EA00F40B77 /* GoogleService-Info.plist */,
			);
			path = SportArena;
			sourceTree = "<group>";
		};
		BFD4F9179C86DB1ABB22A2DB /* Frameworks */ = {
			isa = PBXGroup;
			children = (
				D65C6ECD814B99BED8DC16B3 /* Pods_SportArena.framework */,
				162858FBBEF043A8887324AD /* Pods_SportArenaTests.framework */,
				887E26B2258C7673B96C2E15 /* Pods_SportArenaUITests.framework */,
			);
			name = Frameworks;
			sourceTree = "<group>";
		};
		DEA8AC57A22BFCD5C303DD6C /* Pods */ = {
			isa = PBXGroup;
			children = (
				E87CFE8367C1F8480F8AA4AC /* Pods-SportArena.debug.xcconfig */,
				3718F4F3328F519919ECB0C2 /* Pods-SportArena.release.xcconfig */,
				0EC7879E9D51CC0BDA834937 /* Pods-SportArenaTests.debug.xcconfig */,
				9D9F900F82BB612C58A8B4CE /* Pods-SportArenaTests.release.xcconfig */,
				8CD817C78DD945AF58330C8A /* Pods-SportArenaUITests.debug.xcconfig */,
				FDCE1F07B0D8306BE78AC2AC /* Pods-SportArenaUITests.release.xcconfig */,
			);
			name = Pods;
			sourceTree = "<group>";
		};
/* End PBXGroup section */

/* Begin PBXNativeTarget section */
		95579238211B5015003CA688 /* SportArena */ = {
			isa = PBXNativeTarget;
			buildConfigurationList = 95579263211B5018003CA688 /* Build configuration list for PBXNativeTarget "SportArena" */;
			buildPhases = (
				039FD71D0176D57CCC97E195 /* [CP] Check Pods Manifest.lock */,
				95579235211B5015003CA688 /* Sources */,
				95579236211B5015003CA688 /* Frameworks */,
				95579237211B5015003CA688 /* Resources */,
				46F951EBDF8AB6D30B0E6290 /* [CP] Embed Pods Frameworks */,
			);
			buildRules = (
			);
			dependencies = (
			);
			name = SportArena;
			productName = SportArena;
			productReference = 95579239211B5015003CA688 /* SportArena.app */;
			productType = "com.apple.product-type.application";
		};
/* End PBXNativeTarget section */

/* Begin PBXProject section */
		95579231211B5015003CA688 /* Project object */ = {
			isa = PBXProject;
			attributes = {
				LastSwiftUpdateCheck = 0940;
				LastUpgradeCheck = 0940;
				ORGANIZATIONNAME = "Yevgen Blazhko";
				TargetAttributes = {
					95579238211B5015003CA688 = {
						CreatedOnToolsVersion = 9.4.1;
						LastSwiftMigration = 1010;
					};
				};
			};
			buildConfigurationList = 95579234211B5015003CA688 /* Build configuration list for PBXProject "SportArena" */;
			compatibilityVersion = "Xcode 9.3";
			developmentRegion = en;
			hasScannedForEncodings = 0;
			knownRegions = (
				en,
				Base,
			);
			mainGroup = 95579230211B5015003CA688;
			productRefGroup = 9557923A211B5015003CA688 /* Products */;
			projectDirPath = "";
			projectRoot = "";
			targets = (
				95579238211B5015003CA688 /* SportArena */,
			);
		};
/* End PBXProject section */

/* Begin PBXResourcesBuildPhase section */
		95579237211B5015003CA688 /* Resources */ = {
			isa = PBXResourcesBuildPhase;
			buildActionMask = 2147483647;
			files = (
				5F2A44032273696F00ED1AD5 /* todo.storyboard in Resources */,
				95579249211B5018003CA688 /* LaunchScreen.storyboard in Resources */,
				95C569FB217291EA00F40B77 /* GoogleService-Info.plist in Resources */,
				95579246211B5018003CA688 /* Assets.xcassets in Resources */,
				95579244211B5015003CA688 /* Main.storyboard in Resources */,
			);
			runOnlyForDeploymentPostprocessing = 0;
		};
/* End PBXResourcesBuildPhase section */

/* Begin PBXShellScriptBuildPhase section */
		039FD71D0176D57CCC97E195 /* [CP] Check Pods Manifest.lock */ = {
			isa = PBXShellScriptBuildPhase;
			buildActionMask = 2147483647;
			files = (
			);
			inputFileListPaths = (
			);
			inputPaths = (
				"${PODS_PODFILE_DIR_PATH}/Podfile.lock",
				"${PODS_ROOT}/Manifest.lock",
			);
			name = "[CP] Check Pods Manifest.lock";
			outputFileListPaths = (
			);
			outputPaths = (
				"$(DERIVED_FILE_DIR)/Pods-SportArena-checkManifestLockResult.txt",
			);
			runOnlyForDeploymentPostprocessing = 0;
			shellPath = /bin/sh;
			shellScript = "diff \"${PODS_PODFILE_DIR_PATH}/Podfile.lock\" \"${PODS_ROOT}/Manifest.lock\" > /dev/null\nif [ $? != 0 ] ; then\n    # print error to STDERR\n    echo \"error: The sandbox is not in sync with the Podfile.lock. Run 'pod install' or update your CocoaPods installation.\" >&2\n    exit 1\nfi\n# This output is used by Xcode 'outputs' to avoid re-running this script phase.\necho \"SUCCESS\" > \"${SCRIPT_OUTPUT_FILE_0}\"\n";
			showEnvVarsInLog = 0;
		};
		46F951EBDF8AB6D30B0E6290 /* [CP] Embed Pods Frameworks */ = {
			isa = PBXShellScriptBuildPhase;
			buildActionMask = 2147483647;
			files = (
			);
			inputFileListPaths = (
			);
			inputPaths = (
				"${PODS_ROOT}/Target Support Files/Pods-SportArena/Pods-SportArena-frameworks.sh",
				"${BUILT_PRODUCTS_DIR}/GoogleUtilities/GoogleUtilities.framework",
				"${BUILT_PRODUCTS_DIR}/Kingfisher/Kingfisher.framework",
				"${BUILT_PRODUCTS_DIR}/Protobuf/Protobuf.framework",
				"${BUILT_PRODUCTS_DIR}/nanopb/nanopb.framework",
			);
			name = "[CP] Embed Pods Frameworks";
			outputFileListPaths = (
			);
			outputPaths = (
				"${TARGET_BUILD_DIR}/${FRAMEWORKS_FOLDER_PATH}/GoogleUtilities.framework",
				"${TARGET_BUILD_DIR}/${FRAMEWORKS_FOLDER_PATH}/Kingfisher.framework",
				"${TARGET_BUILD_DIR}/${FRAMEWORKS_FOLDER_PATH}/Protobuf.framework",
				"${TARGET_BUILD_DIR}/${FRAMEWORKS_FOLDER_PATH}/nanopb.framework",
			);
			runOnlyForDeploymentPostprocessing = 0;
			shellPath = /bin/sh;
			shellScript = "\"${PODS_ROOT}/Target Support Files/Pods-SportArena/Pods-SportArena-frameworks.sh\"\n";
			showEnvVarsInLog = 0;
		};
/* End PBXShellScriptBuildPhase section */

/* Begin PBXSourcesBuildPhase section */
		95579235211B5015003CA688 /* Sources */ = {
			isa = PBXSourcesBuildPhase;
			buildActionMask = 2147483647;
			files = (
				9566FFFF212C9938003B3F83 /* MainNewsCell.swift in Sources */,
				95BA79D421380EC4001084DC /* VideoNewsCell.swift in Sources */,
				958B815C213C051600AF0DD9 /* Html.swift in Sources */,
				959DEE87211D6A0800330682 /* TopNews.swift in Sources */,
				959DEE81211C3BA500330682 /* NewsFeedCell.swift in Sources */,
				5F2A44012273068F00ED1AD5 /* VideoNewsBodyViewController.swift in Sources */,
				9570CF592129CA9C00B778F2 /* NewsBodyViewController.swift in Sources */,
				95579241211B5015003CA688 /* AllNewsViewController.swift in Sources */,
				5F18D2E122722275009E6BED /* MatchCentreViewController.swift in Sources */,
				959DEE83211C44F300330682 /* NewsFeed.swift in Sources */,
				9557923D211B5015003CA688 /* AppDelegate.swift in Sources */,
				95BA79D6213812B9001084DC /* VideoNews.swift in Sources */,
				95AB0BDA211B64C2008956A0 /* VideosViewController.swift in Sources */,
				95BA79D821382516001084DC /* ImageDisplay.swift in Sources */,
				9557923F211B5015003CA688 /* MainPageViewController.swift in Sources */,
				9524FEB82134585400042543 /* TimeEditor.swift in Sources */,
				959DEE85211D678600330682 /* TopNewsCell.swift in Sources */,
				5F18D2DF227144C9009E6BED /* DividerTableViewCell.swift in Sources */,
				5F18D2DD22712E1E009E6BED /* AnotherMainPageViewController.swift in Sources */,
				5F2A43FF2272FECE00ED1AD5 /* AttributedStringMagic.swift in Sources */,
				5F18D2E322722405009E6BED /* MatchBodyViewController.swift in Sources */,
				9566FFFD212C7FBB003B3F83 /* MainNewsFeed.swift in Sources */,
			);
			runOnlyForDeploymentPostprocessing = 0;
		};
/* End PBXSourcesBuildPhase section */

/* Begin PBXVariantGroup section */
		95579242211B5015003CA688 /* Main.storyboard */ = {
			isa = PBXVariantGroup;
			children = (
				95579243211B5015003CA688 /* Base */,
			);
			name = Main.storyboard;
			sourceTree = "<group>";
		};
		95579247211B5018003CA688 /* LaunchScreen.storyboard */ = {
			isa = PBXVariantGroup;
			children = (
				95579248211B5018003CA688 /* Base */,
			);
			name = LaunchScreen.storyboard;
			sourceTree = "<group>";
		};
/* End PBXVariantGroup section */

/* Begin XCBuildConfiguration section */
		95579261211B5018003CA688 /* Debug */ = {
			isa = XCBuildConfiguration;
			buildSettings = {
				ALWAYS_SEARCH_USER_PATHS = NO;
				CLANG_ANALYZER_NONNULL = YES;
				CLANG_ANALYZER_NUMBER_OBJECT_CONVERSION = YES_AGGRESSIVE;
				CLANG_CXX_LANGUAGE_STANDARD = "gnu++14";
				CLANG_CXX_LIBRARY = "libc++";
				CLANG_ENABLE_MODULES = YES;
				CLANG_ENABLE_OBJC_ARC = YES;
				CLANG_ENABLE_OBJC_WEAK = YES;
				CLANG_WARN_BLOCK_CAPTURE_AUTORELEASING = YES;
				CLANG_WARN_BOOL_CONVERSION = YES;
				CLANG_WARN_COMMA = YES;
				CLANG_WARN_CONSTANT_CONVERSION = YES;
				CLANG_WARN_DEPRECATED_OBJC_IMPLEMENTATIONS = YES;
				CLANG_WARN_DIRECT_OBJC_ISA_USAGE = YES_ERROR;
				CLANG_WARN_DOCUMENTATION_COMMENTS = YES;
				CLANG_WARN_EMPTY_BODY = YES;
				CLANG_WARN_ENUM_CONVERSION = YES;
				CLANG_WARN_INFINITE_RECURSION = YES;
				CLANG_WARN_INT_CONVERSION = YES;
				CLANG_WARN_NON_LITERAL_NULL_CONVERSION = YES;
				CLANG_WARN_OBJC_IMPLICIT_RETAIN_SELF = YES;
				CLANG_WARN_OBJC_LITERAL_CONVERSION = YES;
				CLANG_WARN_OBJC_ROOT_CLASS = YES_ERROR;
				CLANG_WARN_RANGE_LOOP_ANALYSIS = YES;
				CLANG_WARN_STRICT_PROTOTYPES = YES;
				CLANG_WARN_SUSPICIOUS_MOVE = YES;
				CLANG_WARN_UNGUARDED_AVAILABILITY = YES_AGGRESSIVE;
				CLANG_WARN_UNREACHABLE_CODE = YES;
				CLANG_WARN__DUPLICATE_METHOD_MATCH = YES;
				CODE_SIGN_IDENTITY = "iPhone Developer";
				COPY_PHASE_STRIP = NO;
				DEBUG_INFORMATION_FORMAT = dwarf;
				ENABLE_STRICT_OBJC_MSGSEND = YES;
				ENABLE_TESTABILITY = YES;
				GCC_C_LANGUAGE_STANDARD = gnu11;
				GCC_DYNAMIC_NO_PIC = NO;
				GCC_NO_COMMON_BLOCKS = YES;
				GCC_OPTIMIZATION_LEVEL = 0;
				GCC_PREPROCESSOR_DEFINITIONS = (
					"DEBUG=1",
					"$(inherited)",
				);
				GCC_WARN_64_TO_32_BIT_CONVERSION = YES;
				GCC_WARN_ABOUT_RETURN_TYPE = YES_ERROR;
				GCC_WARN_UNDECLARED_SELECTOR = YES;
				GCC_WARN_UNINITIALIZED_AUTOS = YES_AGGRESSIVE;
				GCC_WARN_UNUSED_FUNCTION = YES;
				GCC_WARN_UNUSED_VARIABLE = YES;
				IPHONEOS_DEPLOYMENT_TARGET = 11.4;
				MTL_ENABLE_DEBUG_INFO = YES;
				ONLY_ACTIVE_ARCH = YES;
				SDKROOT = iphoneos;
				SWIFT_ACTIVE_COMPILATION_CONDITIONS = DEBUG;
				SWIFT_OPTIMIZATION_LEVEL = "-Onone";
			};
			name = Debug;
		};
		95579262211B5018003CA688 /* Release */ = {
			isa = XCBuildConfiguration;
			buildSettings = {
				ALWAYS_SEARCH_USER_PATHS = NO;
				CLANG_ANALYZER_NONNULL = YES;
				CLANG_ANALYZER_NUMBER_OBJECT_CONVERSION = YES_AGGRESSIVE;
				CLANG_CXX_LANGUAGE_STANDARD = "gnu++14";
				CLANG_CXX_LIBRARY = "libc++";
				CLANG_ENABLE_MODULES = YES;
				CLANG_ENABLE_OBJC_ARC = YES;
				CLANG_ENABLE_OBJC_WEAK = YES;
				CLANG_WARN_BLOCK_CAPTURE_AUTORELEASING = YES;
				CLANG_WARN_BOOL_CONVERSION = YES;
				CLANG_WARN_COMMA = YES;
				CLANG_WARN_CONSTANT_CONVERSION = YES;
				CLANG_WARN_DEPRECATED_OBJC_IMPLEMENTATIONS = YES;
				CLANG_WARN_DIRECT_OBJC_ISA_USAGE = YES_ERROR;
				CLANG_WARN_DOCUMENTATION_COMMENTS = YES;
				CLANG_WARN_EMPTY_BODY = YES;
				CLANG_WARN_ENUM_CONVERSION = YES;
				CLANG_WARN_INFINITE_RECURSION = YES;
				CLANG_WARN_INT_CONVERSION = YES;
				CLANG_WARN_NON_LITERAL_NULL_CONVERSION = YES;
				CLANG_WARN_OBJC_IMPLICIT_RETAIN_SELF = YES;
				CLANG_WARN_OBJC_LITERAL_CONVERSION = YES;
				CLANG_WARN_OBJC_ROOT_CLASS = YES_ERROR;
				CLANG_WARN_RANGE_LOOP_ANALYSIS = YES;
				CLANG_WARN_STRICT_PROTOTYPES = YES;
				CLANG_WARN_SUSPICIOUS_MOVE = YES;
				CLANG_WARN_UNGUARDED_AVAILABILITY = YES_AGGRESSIVE;
				CLANG_WARN_UNREACHABLE_CODE = YES;
				CLANG_WARN__DUPLICATE_METHOD_MATCH = YES;
				CODE_SIGN_IDENTITY = "iPhone Developer";
				COPY_PHASE_STRIP = NO;
				DEBUG_INFORMATION_FORMAT = "dwarf-with-dsym";
				ENABLE_NS_ASSERTIONS = NO;
				ENABLE_STRICT_OBJC_MSGSEND = YES;
				GCC_C_LANGUAGE_STANDARD = gnu11;
				GCC_NO_COMMON_BLOCKS = YES;
				GCC_WARN_64_TO_32_BIT_CONVERSION = YES;
				GCC_WARN_ABOUT_RETURN_TYPE = YES_ERROR;
				GCC_WARN_UNDECLARED_SELECTOR = YES;
				GCC_WARN_UNINITIALIZED_AUTOS = YES_AGGRESSIVE;
				GCC_WARN_UNUSED_FUNCTION = YES;
				GCC_WARN_UNUSED_VARIABLE = YES;
				IPHONEOS_DEPLOYMENT_TARGET = 11.4;
				MTL_ENABLE_DEBUG_INFO = NO;
				SDKROOT = iphoneos;
				SWIFT_COMPILATION_MODE = wholemodule;
				SWIFT_OPTIMIZATION_LEVEL = "-O";
				VALIDATE_PRODUCT = YES;
			};
			name = Release;
		};
		95579264211B5018003CA688 /* Debug */ = {
			isa = XCBuildConfiguration;
			baseConfigurationReference = E87CFE8367C1F8480F8AA4AC /* Pods-SportArena.debug.xcconfig */;
			buildSettings = {
				CODE_SIGN_STYLE = Automatic;
				DEVELOPMENT_TEAM = "";
				INFOPLIST_FILE = SportArena/Info.plist;
				LD_RUNPATH_SEARCH_PATHS = (
					"$(inherited)",
					"@executable_path/Frameworks",
				);
				PRODUCT_BUNDLE_IDENTIFIER = hialex.SportArena;
				PRODUCT_NAME = "$(TARGET_NAME)";
				SWIFT_VERSION = 4.2;
				TARGETED_DEVICE_FAMILY = 1;
			};
			name = Debug;
		};
		95579265211B5018003CA688 /* Release */ = {
			isa = XCBuildConfiguration;
			baseConfigurationReference = 3718F4F3328F519919ECB0C2 /* Pods-SportArena.release.xcconfig */;
			buildSettings = {
				CODE_SIGN_STYLE = Automatic;
				DEVELOPMENT_TEAM = "";
				INFOPLIST_FILE = SportArena/Info.plist;
				LD_RUNPATH_SEARCH_PATHS = (
					"$(inherited)",
					"@executable_path/Frameworks",
				);
				PRODUCT_BUNDLE_IDENTIFIER = hialex.SportArena;
				PRODUCT_NAME = "$(TARGET_NAME)";
				SWIFT_VERSION = 4.2;
				TARGETED_DEVICE_FAMILY = 1;
			};
			name = Release;
		};
/* End XCBuildConfiguration section */

/* Begin XCConfigurationList section */
		95579234211B5015003CA688 /* Build configuration list for PBXProject "SportArena" */ = {
			isa = XCConfigurationList;
			buildConfigurations = (
				95579261211B5018003CA688 /* Debug */,
				95579262211B5018003CA688 /* Release */,
			);
			defaultConfigurationIsVisible = 0;
			defaultConfigurationName = Release;
		};
		95579263211B5018003CA688 /* Build configuration list for PBXNativeTarget "SportArena" */ = {
			isa = XCConfigurationList;
			buildConfigurations = (
				95579264211B5018003CA688 /* Debug */,
				95579265211B5018003CA688 /* Release */,
			);
			defaultConfigurationIsVisible = 0;
			defaultConfigurationName = Release;
		};
/* End XCConfigurationList section */
	};
	rootObject = 95579231211B5015003CA688 /* Project object */;
}
